
Microsoft Visual Studio Solution File, Format Version 12.00
# Visual Studio Version 16
VisualStudioVersion = 16.0.31205.134
MinimumVisualStudioVersion = 10.0.40219.1
Project("{9A19103F-16F7-4668-BE54-9A1E7A4F7556}") = "Core", "Core.Standard\Core.csproj", "{5AC96CCF-2BF9-4758-B961-910964F03619}"
EndProject
Global
	GlobalSection(SolutionConfigurationPlatforms) = preSolution
		Debug|Any CPU = Debug|Any CPU
		Release|Any CPU = Release|Any CPU
	EndGlobalSection
	GlobalSection(ProjectConfigurationPlatforms) = postSolution
		{5AC96CCF-2BF9-4758-B961-910964F03619}.Debug|Any CPU.ActiveCfg = Debug|Any CPU
		{5AC96CCF-2BF9-4758-B961-910964F03619}.Debug|Any CPU.Build.0 = Debug|Any CPU
		{5AC96CCF-2BF9-4758-B961-910964F03619}.Release|Any CPU.ActiveCfg = Release|Any CPU
		{5AC96CCF-2BF9-4758-B961-910964F03619}.Release|Any CPU.Build.0 = Release|Any CPU
	EndGlobalSection
	GlobalSection(SolutionProperties) = preSolution
		HideSolutionNode = FALSE
	EndGlobalSection
	GlobalSection(ExtensibilityGlobals) = postSolution
		SolutionGuid = {7637718B-679B-4CBB-A634-8639E9CB0A05}
	EndGlobalSection
EndGlobal
