
Microsoft Visual Studio Solution File, Format Version 12.00
# Visual Studio 15
VisualStudioVersion = 15.0.27703.2018
MinimumVisualStudioVersion = 10.0.40219.1
Project("{FAE04EC0-301F-11D3-BF4B-00C04F79EFBC}") = "Core", "Core\Core.csproj", "{D5B56684-0C33-4195-B3D6-D1576B739E42}"
EndProject
Project("{FAE04EC0-301F-11D3-BF4B-00C04F79EFBC}") = "Core.Standard", "Core.Standard\Core.Standard.csproj", "{5AC96CCF-2BF9-4758-B961-910964F03619}"
EndProject
Global
	GlobalSection(SolutionConfigurationPlatforms) = preSolution
		Debug|Any CPU = Debug|Any CPU
		Release|Any CPU = Release|Any CPU
	EndGlobalSection
	GlobalSection(ProjectConfigurationPlatforms) = postSolution
		{D5B56684-0C33-4195-B3D6-D1576B739E42}.Debug|Any CPU.ActiveCfg = Debug|Any CPU
		{D5B56684-0C33-4195-B3D6-D1576B739E42}.Debug|Any CPU.Build.0 = Debug|Any CPU
		{D5B56684-0C33-4195-B3D6-D1576B739E42}.Release|Any CPU.ActiveCfg = Release|Any CPU
		{D5B56684-0C33-4195-B3D6-D1576B739E42}.Release|Any CPU.Build.0 = Release|Any CPU
		{5AC96CCF-2BF9-4758-B961-910964F03619}.Debug|Any CPU.ActiveCfg = Debug|Any CPU
		{5AC96CCF-2BF9-4758-B961-910964F03619}.Debug|Any CPU.Build.0 = Debug|Any CPU
		{5AC96CCF-2BF9-4758-B961-910964F03619}.Release|Any CPU.ActiveCfg = Release|Any CPU
		{5AC96CCF-2BF9-4758-B961-910964F03619}.Release|Any CPU.Build.0 = Release|Any CPU
	EndGlobalSection
	GlobalSection(SolutionProperties) = preSolution
		HideSolutionNode = FALSE
	EndGlobalSection
	GlobalSection(ExtensibilityGlobals) = postSolution
		SolutionGuid = {7637718B-679B-4CBB-A634-8639E9CB0A05}
	EndGlobalSection
EndGlobal
